// !$*UTF8*$!
{
	archiveVersion = 1;
	classes = {
	};
	objectVersion = 46;
	objects = {

/* Begin PBXBuildFile section */
		3D05EB931EB51E2D00A02112 /* ToDo.txt in Resources */ = {isa = PBXBuildFile; fileRef = 3D05EB921EB51E2D00A02112 /* ToDo.txt */; };
		3D23CAA91EB23C0F0094F875 /* AppDelegate.swift in Sources */ = {isa = PBXBuildFile; fileRef = 3D23CAA81EB23C0F0094F875 /* AppDelegate.swift */; };
		3D23CAAB1EB23C0F0094F875 /* ViewController.swift in Sources */ = {isa = PBXBuildFile; fileRef = 3D23CAAA1EB23C0F0094F875 /* ViewController.swift */; };
		3D23CAAE1EB23C0F0094F875 /* Main.storyboard in Resources */ = {isa = PBXBuildFile; fileRef = 3D23CAAC1EB23C0F0094F875 /* Main.storyboard */; };
		3D23CAB01EB23C0F0094F875 /* Assets.xcassets in Resources */ = {isa = PBXBuildFile; fileRef = 3D23CAAF1EB23C0F0094F875 /* Assets.xcassets */; };
		3D23CAB31EB23C0F0094F875 /* LaunchScreen.storyboard in Resources */ = {isa = PBXBuildFile; fileRef = 3D23CAB11EB23C0F0094F875 /* LaunchScreen.storyboard */; };
		3D23CABC1EB2400B0094F875 /* Config.swift in Sources */ = {isa = PBXBuildFile; fileRef = 3D23CABB1EB2400B0094F875 /* Config.swift */; };
		3D23CABE1EB241410094F875 /* Utils.swift in Sources */ = {isa = PBXBuildFile; fileRef = 3D23CABD1EB241410094F875 /* Utils.swift */; };
		3DD8D9DE1EB3BB3A00B7D16B /* TableController.swift in Sources */ = {isa = PBXBuildFile; fileRef = 3DD8D9DD1EB3BB3A00B7D16B /* TableController.swift */; };
		3DD8D9E11EB3BEA200B7D16B /* TableViewCell.swift in Sources */ = {isa = PBXBuildFile; fileRef = 3DD8D9DF1EB3BEA200B7D16B /* TableViewCell.swift */; };
		3DD8D9E21EB3BEA200B7D16B /* TableViewCell.xib in Resources */ = {isa = PBXBuildFile; fileRef = 3DD8D9E01EB3BEA200B7D16B /* TableViewCell.xib */; };
		3DF4BB5E1EB26E9D00E81D5B /* State.swift in Sources */ = {isa = PBXBuildFile; fileRef = 3DF4BB5D1EB26E9D00E81D5B /* State.swift */; };
		3DF4BB601EB26F2100E81D5B /* Ticker.swift in Sources */ = {isa = PBXBuildFile; fileRef = 3DF4BB5F1EB26F2000E81D5B /* Ticker.swift */; };
/* End PBXBuildFile section */

/* Begin PBXFileReference section */
		3D05EB921EB51E2D00A02112 /* ToDo.txt */ = {isa = PBXFileReference; fileEncoding = 4; lastKnownFileType = text; path = ToDo.txt; sourceTree = "<group>"; };
		3D23CAA51EB23C0F0094F875 /* Altcoins.app */ = {isa = PBXFileReference; explicitFileType = wrapper.application; includeInIndex = 0; path = Altcoins.app; sourceTree = BUILT_PRODUCTS_DIR; };
		3D23CAA81EB23C0F0094F875 /* AppDelegate.swift */ = {isa = PBXFileReference; lastKnownFileType = sourcecode.swift; path = AppDelegate.swift; sourceTree = "<group>"; wrapsLines = 0; };
		3D23CAAA1EB23C0F0094F875 /* ViewController.swift */ = {isa = PBXFileReference; lastKnownFileType = sourcecode.swift; path = ViewController.swift; sourceTree = "<group>"; };
		3D23CAAD1EB23C0F0094F875 /* Base */ = {isa = PBXFileReference; lastKnownFileType = file.storyboard; name = Base; path = Base.lproj/Main.storyboard; sourceTree = "<group>"; };
		3D23CAAF1EB23C0F0094F875 /* Assets.xcassets */ = {isa = PBXFileReference; lastKnownFileType = folder.assetcatalog; path = Assets.xcassets; sourceTree = "<group>"; };
		3D23CAB21EB23C0F0094F875 /* Base */ = {isa = PBXFileReference; lastKnownFileType = file.storyboard; name = Base; path = Base.lproj/LaunchScreen.storyboard; sourceTree = "<group>"; };
		3D23CAB41EB23C0F0094F875 /* Info.plist */ = {isa = PBXFileReference; lastKnownFileType = text.plist.xml; path = Info.plist; sourceTree = "<group>"; };
		3D23CABB1EB2400B0094F875 /* Config.swift */ = {isa = PBXFileReference; fileEncoding = 4; lastKnownFileType = sourcecode.swift; path = Config.swift; sourceTree = "<group>"; wrapsLines = 0; };
		3D23CABD1EB241410094F875 /* Utils.swift */ = {isa = PBXFileReference; fileEncoding = 4; lastKnownFileType = sourcecode.swift; path = Utils.swift; sourceTree = "<group>"; wrapsLines = 0; };
		3DD8D9DD1EB3BB3A00B7D16B /* TableController.swift */ = {isa = PBXFileReference; fileEncoding = 4; lastKnownFileType = sourcecode.swift; path = TableController.swift; sourceTree = "<group>"; wrapsLines = 0; };
		3DD8D9DF1EB3BEA200B7D16B /* TableViewCell.swift */ = {isa = PBXFileReference; fileEncoding = 4; lastKnownFileType = sourcecode.swift; path = TableViewCell.swift; sourceTree = "<group>"; wrapsLines = 0; };
		3DD8D9E01EB3BEA200B7D16B /* TableViewCell.xib */ = {isa = PBXFileReference; fileEncoding = 4; lastKnownFileType = file.xib; path = TableViewCell.xib; sourceTree = "<group>"; };
		3DF4BB5D1EB26E9D00E81D5B /* State.swift */ = {isa = PBXFileReference; fileEncoding = 4; lastKnownFileType = sourcecode.swift; path = State.swift; sourceTree = "<group>"; wrapsLines = 0; };
		3DF4BB5F1EB26F2000E81D5B /* Ticker.swift */ = {isa = PBXFileReference; fileEncoding = 4; lastKnownFileType = sourcecode.swift; path = Ticker.swift; sourceTree = "<group>"; wrapsLines = 0; };
		F42B8E711EF0D2B600509727 /* Readme.md */ = {isa = PBXFileReference; lastKnownFileType = net.daringfireball.markdown; path = Readme.md; sourceTree = "<group>"; };
/* End PBXFileReference section */

/* Begin PBXFrameworksBuildPhase section */
		3D23CAA21EB23C090094F875 /* Frameworks */ = {
			isa = PBXFrameworksBuildPhase;
			buildActionMask = 2147483647;
			files = (
			);
			runOnlyForDeploymentPostprocessing = 0;
		};
/* End PBXFrameworksBuildPhase section */

/* Begin PBXGroup section */
		3D23CA9C1EB23C090094F875 = {
			isa = PBXGroup;
			children = (
				F42B8E711EF0D2B600509727 /* Readme.md */,
				3D05EB921EB51E2D00A02112 /* ToDo.txt */,
				3D23CAA71EB23C0F0094F875 /* Altcoins */,
				3D23CAA61EB23C0F0094F875 /* Products */,
			);
			sourceTree = "<group>";
		};
		3D23CAA61EB23C0F0094F875 /* Products */ = {
			isa = PBXGroup;
			children = (
				3D23CAA51EB23C0F0094F875 /* Altcoins.app */,
			);
			name = Products;
			sourceTree = "<group>";
		};
		3D23CAA71EB23C0F0094F875 /* Altcoins */ = {
			isa = PBXGroup;
			children = (
				3D23CAB41EB23C0F0094F875 /* Info.plist */,
				3D23CAA81EB23C0F0094F875 /* AppDelegate.swift */,
				3D23CABB1EB2400B0094F875 /* Config.swift */,
				3DF4BB5D1EB26E9D00E81D5B /* State.swift */,
				3DF4BB5F1EB26F2000E81D5B /* Ticker.swift */,
				3D23CABD1EB241410094F875 /* Utils.swift */,
				3DD8D9DD1EB3BB3A00B7D16B /* TableController.swift */,
				3DD8D9DF1EB3BEA200B7D16B /* TableViewCell.swift */,
				3DD8D9E01EB3BEA200B7D16B /* TableViewCell.xib */,
				3D23CAAA1EB23C0F0094F875 /* ViewController.swift */,
				3D23CAAC1EB23C0F0094F875 /* Main.storyboard */,
				3D23CAB11EB23C0F0094F875 /* LaunchScreen.storyboard */,
				3D23CAAF1EB23C0F0094F875 /* Assets.xcassets */,
			);
			path = Altcoins;
			sourceTree = "<group>";
		};
/* End PBXGroup section */

/* Begin PBXNativeTarget section */
		3D23CAA41EB23C090094F875 /* Altcoins */ = {
			isa = PBXNativeTarget;
			buildConfigurationList = 3D23CAB71EB23C0F0094F875 /* Build configuration list for PBXNativeTarget "Altcoins" */;
			buildPhases = (
				3D23CAA11EB23C090094F875 /* Sources */,
				3D23CAA21EB23C090094F875 /* Frameworks */,
				3D23CAA31EB23C090094F875 /* Resources */,
			);
			buildRules = (
			);
			dependencies = (
			);
			name = Altcoins;
			productName = Altcoins;
			productReference = 3D23CAA51EB23C0F0094F875 /* Altcoins.app */;
			productType = "com.apple.product-type.application";
		};
/* End PBXNativeTarget section */

/* Begin PBXProject section */
		3D23CA9D1EB23C090094F875 /* Project object */ = {
			isa = PBXProject;
			attributes = {
				LastSwiftUpdateCheck = 0800;
				LastUpgradeCheck = 0830;
				ORGANIZATIONNAME = Armonia;
				TargetAttributes = {
					3D23CAA41EB23C090094F875 = {
						CreatedOnToolsVersion = 8.0;
						DevelopmentTeam = W7PMV9XFGM;
						ProvisioningStyle = Automatic;
					};
				};
			};
			buildConfigurationList = 3D23CAA01EB23C090094F875 /* Build configuration list for PBXProject "Altcoins" */;
			compatibilityVersion = "Xcode 3.2";
			developmentRegion = English;
			hasScannedForEncodings = 0;
			knownRegions = (
				en,
				Base,
			);
			mainGroup = 3D23CA9C1EB23C090094F875;
			productRefGroup = 3D23CAA61EB23C0F0094F875 /* Products */;
			projectDirPath = "";
			projectRoot = "";
			targets = (
				3D23CAA41EB23C090094F875 /* Altcoins */,
			);
		};
/* End PBXProject section */

/* Begin PBXResourcesBuildPhase section */
		3D23CAA31EB23C090094F875 /* Resources */ = {
			isa = PBXResourcesBuildPhase;
			buildActionMask = 2147483647;
			files = (
				3D23CAB31EB23C0F0094F875 /* LaunchScreen.storyboard in Resources */,
				3DD8D9E21EB3BEA200B7D16B /* TableViewCell.xib in Resources */,
				3D05EB931EB51E2D00A02112 /* ToDo.txt in Resources */,
				3D23CAB01EB23C0F0094F875 /* Assets.xcassets in Resources */,
				3D23CAAE1EB23C0F0094F875 /* Main.storyboard in Resources */,
			);
			runOnlyForDeploymentPostprocessing = 0;
		};
/* End PBXResourcesBuildPhase section */

/* Begin PBXSourcesBuildPhase section */
		3D23CAA11EB23C090094F875 /* Sources */ = {
			isa = PBXSourcesBuildPhase;
			buildActionMask = 2147483647;
			files = (
				3D23CAAB1EB23C0F0094F875 /* ViewController.swift in Sources */,
				3DF4BB601EB26F2100E81D5B /* Ticker.swift in Sources */,
				3D23CAA91EB23C0F0094F875 /* AppDelegate.swift in Sources */,
				3DD8D9E11EB3BEA200B7D16B /* TableViewCell.swift in Sources */,
				3D23CABC1EB2400B0094F875 /* Config.swift in Sources */,
				3DD8D9DE1EB3BB3A00B7D16B /* TableController.swift in Sources */,
				3DF4BB5E1EB26E9D00E81D5B /* State.swift in Sources */,
				3D23CABE1EB241410094F875 /* Utils.swift in Sources */,
			);
			runOnlyForDeploymentPostprocessing = 0;
		};
/* End PBXSourcesBuildPhase section */

/* Begin PBXVariantGroup section */
		3D23CAAC1EB23C0F0094F875 /* Main.storyboard */ = {
			isa = PBXVariantGroup;
			children = (
				3D23CAAD1EB23C0F0094F875 /* Base */,
			);
			name = Main.storyboard;
			sourceTree = "<group>";
		};
		3D23CAB11EB23C0F0094F875 /* LaunchScreen.storyboard */ = {
			isa = PBXVariantGroup;
			children = (
				3D23CAB21EB23C0F0094F875 /* Base */,
			);
			name = LaunchScreen.storyboard;
			sourceTree = "<group>";
		};
/* End PBXVariantGroup section */

/* Begin XCBuildConfiguration section */
		3D23CAB51EB23C0F0094F875 /* Debug */ = {
			isa = XCBuildConfiguration;
			buildSettings = {
				ALWAYS_SEARCH_USER_PATHS = NO;
				CLANG_ANALYZER_NONNULL = YES;
				CLANG_CXX_LANGUAGE_STANDARD = "gnu++0x";
				CLANG_CXX_LIBRARY = "libc++";
				CLANG_ENABLE_MODULES = YES;
				CLANG_ENABLE_OBJC_ARC = YES;
				CLANG_WARN_BOOL_CONVERSION = YES;
				CLANG_WARN_CONSTANT_CONVERSION = YES;
				CLANG_WARN_DIRECT_OBJC_ISA_USAGE = YES_ERROR;
				CLANG_WARN_DOCUMENTATION_COMMENTS = YES;
				CLANG_WARN_EMPTY_BODY = YES;
				CLANG_WARN_ENUM_CONVERSION = YES;
				CLANG_WARN_INFINITE_RECURSION = YES;
				CLANG_WARN_INT_CONVERSION = YES;
				CLANG_WARN_OBJC_ROOT_CLASS = YES_ERROR;
				CLANG_WARN_SUSPICIOUS_MOVE = YES;
				CLANG_WARN_SUSPICIOUS_MOVES = YES;
				CLANG_WARN_UNREACHABLE_CODE = YES;
				CLANG_WARN__DUPLICATE_METHOD_MATCH = YES;
				"CODE_SIGN_IDENTITY[sdk=iphoneos*]" = "iPhone Developer";
				COPY_PHASE_STRIP = NO;
				DEBUG_INFORMATION_FORMAT = dwarf;
				ENABLE_STRICT_OBJC_MSGSEND = YES;
				ENABLE_TESTABILITY = YES;
				GCC_C_LANGUAGE_STANDARD = gnu99;
				GCC_DYNAMIC_NO_PIC = NO;
				GCC_NO_COMMON_BLOCKS = YES;
				GCC_OPTIMIZATION_LEVEL = 0;
				GCC_PREPROCESSOR_DEFINITIONS = (
					"DEBUG=1",
					"$(inherited)",
				);
				GCC_WARN_64_TO_32_BIT_CONVERSION = YES;
				GCC_WARN_ABOUT_RETURN_TYPE = YES_ERROR;
				GCC_WARN_UNDECLARED_SELECTOR = YES;
				GCC_WARN_UNINITIALIZED_AUTOS = YES_AGGRESSIVE;
				GCC_WARN_UNUSED_FUNCTION = YES;
				GCC_WARN_UNUSED_VARIABLE = YES;
				IPHONEOS_DEPLOYMENT_TARGET = 10.0;
				MTL_ENABLE_DEBUG_INFO = YES;
				ONLY_ACTIVE_ARCH = YES;
				SDKROOT = iphoneos;
				SWIFT_ACTIVE_COMPILATION_CONDITIONS = DEBUG;
				SWIFT_OPTIMIZATION_LEVEL = "-Onone";
			};
			name = Debug;
		};
		3D23CAB61EB23C0F0094F875 /* Release */ = {
			isa = XCBuildConfiguration;
			buildSettings = {
				ALWAYS_SEARCH_USER_PATHS = NO;
				CLANG_ANALYZER_NONNULL = YES;
				CLANG_CXX_LANGUAGE_STANDARD = "gnu++0x";
				CLANG_CXX_LIBRARY = "libc++";
				CLANG_ENABLE_MODULES = YES;
				CLANG_ENABLE_OBJC_ARC = YES;
				CLANG_WARN_BOOL_CONVERSION = YES;
				CLANG_WARN_CONSTANT_CONVERSION = YES;
				CLANG_WARN_DIRECT_OBJC_ISA_USAGE = YES_ERROR;
				CLANG_WARN_DOCUMENTATION_COMMENTS = YES;
				CLANG_WARN_EMPTY_BODY = YES;
				CLANG_WARN_ENUM_CONVERSION = YES;
				CLANG_WARN_INFINITE_RECURSION = YES;
				CLANG_WARN_INT_CONVERSION = YES;
				CLANG_WARN_OBJC_ROOT_CLASS = YES_ERROR;
				CLANG_WARN_SUSPICIOUS_MOVE = YES;
				CLANG_WARN_SUSPICIOUS_MOVES = YES;
				CLANG_WARN_UNREACHABLE_CODE = YES;
				CLANG_WARN__DUPLICATE_METHOD_MATCH = YES;
				"CODE_SIGN_IDENTITY[sdk=iphoneos*]" = "iPhone Developer";
				COPY_PHASE_STRIP = NO;
				DEBUG_INFORMATION_FORMAT = "dwarf-with-dsym";
				ENABLE_NS_ASSERTIONS = NO;
				ENABLE_STRICT_OBJC_MSGSEND = YES;
				GCC_C_LANGUAGE_STANDARD = gnu99;
				GCC_NO_COMMON_BLOCKS = YES;
				GCC_WARN_64_TO_32_BIT_CONVERSION = YES;
				GCC_WARN_ABOUT_RETURN_TYPE = YES_ERROR;
				GCC_WARN_UNDECLARED_SELECTOR = YES;
				GCC_WARN_UNINITIALIZED_AUTOS = YES_AGGRESSIVE;
				GCC_WARN_UNUSED_FUNCTION = YES;
				GCC_WARN_UNUSED_VARIABLE = YES;
				IPHONEOS_DEPLOYMENT_TARGET = 10.0;
				MTL_ENABLE_DEBUG_INFO = NO;
				SDKROOT = iphoneos;
				SWIFT_OPTIMIZATION_LEVEL = "-Owholemodule";
				VALIDATE_PRODUCT = YES;
			};
			name = Release;
		};
		3D23CAB81EB23C0F0094F875 /* Debug */ = {
			isa = XCBuildConfiguration;
			buildSettings = {
				ASSETCATALOG_COMPILER_APPICON_NAME = AppIcon;
				DEVELOPMENT_TEAM = W7PMV9XFGM;
				INFOPLIST_FILE = Altcoins/Info.plist;
				IPHONEOS_DEPLOYMENT_TARGET = 9.3;
				LD_RUNPATH_SEARCH_PATHS = "$(inherited) @executable_path/Frameworks";
				PRODUCT_BUNDLE_IDENTIFIER = Armonia.Altcoins;
				PRODUCT_NAME = "$(TARGET_NAME)";
				SWIFT_VERSION = 3.0;
			};
			name = Debug;
		};
		3D23CAB91EB23C0F0094F875 /* Release */ = {
			isa = XCBuildConfiguration;
			buildSettings = {
				ASSETCATALOG_COMPILER_APPICON_NAME = AppIcon;
				DEVELOPMENT_TEAM = W7PMV9XFGM;
				INFOPLIST_FILE = Altcoins/Info.plist;
				IPHONEOS_DEPLOYMENT_TARGET = 9.3;
				LD_RUNPATH_SEARCH_PATHS = "$(inherited) @executable_path/Frameworks";
				PRODUCT_BUNDLE_IDENTIFIER = Armonia.Altcoins;
				PRODUCT_NAME = "$(TARGET_NAME)";
				SWIFT_VERSION = 3.0;
			};
			name = Release;
		};
/* End XCBuildConfiguration section */

/* Begin XCConfigurationList section */
		3D23CAA01EB23C090094F875 /* Build configuration list for PBXProject "Altcoins" */ = {
			isa = XCConfigurationList;
			buildConfigurations = (
				3D23CAB51EB23C0F0094F875 /* Debug */,
				3D23CAB61EB23C0F0094F875 /* Release */,
			);
			defaultConfigurationIsVisible = 0;
			defaultConfigurationName = Release;
		};
		3D23CAB71EB23C0F0094F875 /* Build configuration list for PBXNativeTarget "Altcoins" */ = {
			isa = XCConfigurationList;
			buildConfigurations = (
				3D23CAB81EB23C0F0094F875 /* Debug */,
				3D23CAB91EB23C0F0094F875 /* Release */,
			);
			defaultConfigurationIsVisible = 0;
			defaultConfigurationName = Release;
		};
/* End XCConfigurationList section */
	};
	rootObject = 3D23CA9D1EB23C090094F875 /* Project object */;
}
